
Microsoft Visual Studio Solution File, Format Version 12.00
# Visual Studio Version 17
VisualStudioVersion = 17.8.34330.188
MinimumVisualStudioVersion = 10.0.40219.1
Project("{FAE04EC0-301F-11D3-BF4B-00C04F79EFBC}") = "QaseTests", "QaseTests.csproj", "{0762D092-B1DD-40B0-85C3-E7CE93BAA900}"
EndProject
Global
	GlobalSection(SolutionConfigurationPlatforms) = preSolution
		Debug|Any CPU = Debug|Any CPU
		Release|Any CPU = Release|Any CPU
	EndGlobalSection
	GlobalSection(ProjectConfigurationPlatforms) = postSolution
		{0762D092-B1DD-40B0-85C3-E7CE93BAA900}.Debug|Any CPU.ActiveCfg = Debug|Any CPU
		{0762D092-B1DD-40B0-85C3-E7CE93BAA900}.Debug|Any CPU.Build.0 = Debug|Any CPU
		{0762D092-B1DD-40B0-85C3-E7CE93BAA900}.Release|Any CPU.ActiveCfg = Release|Any CPU
		{0762D092-B1DD-40B0-85C3-E7CE93BAA900}.Release|Any CPU.Build.0 = Release|Any CPU
	EndGlobalSection
	GlobalSection(SolutionProperties) = preSolution
		HideSolutionNode = FALSE
	EndGlobalSection
	GlobalSection(ExtensibilityGlobals) = postSolution
		SolutionGuid = {16C2DBE0-8CA8-4C59-92D5-AA0ACAB571AB}
	EndGlobalSection
EndGlobal
